
Microsoft Visual Studio Solution File, Format Version 12.00
# Visual Studio Version 16
VisualStudioVersion = 16.0.31112.23
MinimumVisualStudioVersion = 10.0.40219.1
Project("{FAE04EC0-301F-11D3-BF4B-00C04F79EFBC}") = "HomeDBSqlite", "HomeDBSqlite\HomeDBSqlite.csproj", "{A83BB5B9-3DCC-43C7-8043-5CD9CE0C19C8}"
EndProject
Global
	GlobalSection(SolutionConfigurationPlatforms) = preSolution
		Debug|Any CPU = Debug|Any CPU
		Release|Any CPU = Release|Any CPU
	EndGlobalSection
	GlobalSection(ProjectConfigurationPlatforms) = postSolution
		{A83BB5B9-3DCC-43C7-8043-5CD9CE0C19C8}.Debug|Any CPU.ActiveCfg = Debug|Any CPU
		{A83BB5B9-3DCC-43C7-8043-5CD9CE0C19C8}.Debug|Any CPU.Build.0 = Debug|Any CPU
		{A83BB5B9-3DCC-43C7-8043-5CD9CE0C19C8}.Release|Any CPU.ActiveCfg = Release|Any CPU
		{A83BB5B9-3DCC-43C7-8043-5CD9CE0C19C8}.Release|Any CPU.Build.0 = Release|Any CPU
	EndGlobalSection
	GlobalSection(SolutionProperties) = preSolution
		HideSolutionNode = FALSE
	EndGlobalSection
	GlobalSection(ExtensibilityGlobals) = postSolution
		SolutionGuid = {0CB3817F-EB65-42CE-BB92-601F6FE83083}
	EndGlobalSection
EndGlobal
